
Microsoft Visual Studio Solution File, Format Version 12.00
# Visual Studio Version 16
VisualStudioVersion = 16.0.32901.82
MinimumVisualStudioVersion = 10.0.40219.1
Project("{FAE04EC0-301F-11D3-BF4B-00C04F79EFBC}") = "TimetableAPI", "TimetableAPI.csproj", "{7656325C-D07A-4DB7-BF0F-2F907AED32BC}"
EndProject
Global
	GlobalSection(SolutionConfigurationPlatforms) = preSolution
		Debug|Any CPU = Debug|Any CPU
		Release|Any CPU = Release|Any CPU
	EndGlobalSection
	GlobalSection(ProjectConfigurationPlatforms) = postSolution
		{7656325C-D07A-4DB7-BF0F-2F907AED32BC}.Debug|Any CPU.ActiveCfg = Debug|Any CPU
		{7656325C-D07A-4DB7-BF0F-2F907AED32BC}.Debug|Any CPU.Build.0 = Debug|Any CPU
		{7656325C-D07A-4DB7-BF0F-2F907AED32BC}.Release|Any CPU.ActiveCfg = Release|Any CPU
		{7656325C-D07A-4DB7-BF0F-2F907AED32BC}.Release|Any CPU.Build.0 = Release|Any CPU
	EndGlobalSection
	GlobalSection(SolutionProperties) = preSolution
		HideSolutionNode = FALSE
	EndGlobalSection
	GlobalSection(ExtensibilityGlobals) = postSolution
		SolutionGuid = {2A809E01-485A-4C76-8D98-4A4C9393946E}
	EndGlobalSection
EndGlobal
